{
  "name": "@shaowenchen/dsh-node",
  "version": "0.1.0",
  "lockfileVersion": 3,
  "requires": true,
  "packages": {
    "": {
      "name": "@shaowenchen/dsh-node",
      "version": "0.1.0",
      "license": "MIT",
      "dependencies": {
        "@deepseek-ai/schemastery": "^3.18.2",
        "ws": "^8.21.3"
      },
      "bin": {
        "dsh-node": "lib/agent-cli.js"
      },
      "devDependencies": {
        "@deepseek-ai/cordis": "^4.0.2",
        "@deepseek-ai/dsh-fs": "^0.1.2-rc.1",
        "@deepseek-ai/dsh-fs-local": "^0.1.2-rc.1",
        "@deepseek-ai/dsh-host-webserver": "^0.1.2-rc.1",
        "@deepseek-ai/dsh-subprocess": "^0.1.2-rc.1",
        "@deepseek-ai/dsh-subprocess-local": "^0.1.2-rc.1",
        "@types/node": "^22.10.2",
        "@types/ws": "^8.5.13",
        "typescript": "^5.7.2"
      },
      "engines": {
        "node": ">=22"
      },
      "optionalDependencies": {
        "node-pty": "^1.2.0-beta.15"
      },
      "peerDependencies": {
        "@deepseek-ai/cordis": "^4.0.2",
        "@deepseek-ai/dsh-fs": "^0.1.2-rc.1",
        "@deepseek-ai/dsh-host-webserver": "^0.1.2-rc.1",
        "@deepseek-ai/dsh-subprocess": "^0.1.2-rc.1"
      },
      "peerDependenciesMeta": {
        "@deepseek-ai/dsh-fs": {
          "optional": true
        },
        "@deepseek-ai/dsh-host-webserver": {
          "optional": true
        },
        "@deepseek-ai/dsh-subprocess": {
          "optional": true
        }
      }
    },
    "node_modules/@deepseek-ai/cordis": {
      "version": "4.0.2",
      "resolved": "https://registry.npmjs.org/@deepseek-ai/cordis/-/cordis-4.0.2.tgz",
      "integrity": "sha512-asOnXP1TzFSFQlHb1iegDZp0z/8WD1c7YNrwJR/Tx2bzNuMXfcekE/I67Iv6SQXeLB4csxqCngzQKANP7gdw0g==",
      "dev": true,
      "license": "MIT",
      "dependencies": {
        "@deepseek-ai/cosmokit": "^1.8.3",
        "@standard-schema/spec": "^1.1.0"
      },
      "bin": {
        "cordis": "bin.js"
      },
      "peerDependencies": {
        "@deepseek-ai/cordis-plugin-include": "^1.0.7",
        "@deepseek-ai/cordis-plugin-loader": "^1.0.3"
      },
      "peerDependenciesMeta": {
        "@deepseek-ai/cordis-plugin-include": {
          "optional": true
        },
        "@deepseek-ai/cordis-plugin-loader": {
          "optional": true
        }
      }
    },
    "node_modules/@deepseek-ai/cosmokit": {
      "version": "1.8.3",
      "resolved": "https://registry.npmjs.org/@deepseek-ai/cosmokit/-/cosmokit-1.8.3.tgz",
      "integrity": "sha512-qBo+ronVM6Eu2WNVJXi8JcMiqZ19T9BRIpV+5qJUFPXjGH/Z0QKcQMC/IZJ7L394YTOtJgcovbk9qP0w2GsBXQ==",
      "license": "MIT"
    },
    "node_modules/@deepseek-ai/dsh-brand": {
      "version": "0.1.2-rc.1",
      "resolved": "https://registry.npmjs.org/@deepseek-ai/dsh-brand/-/dsh-brand-0.1.2-rc.1.tgz",
      "integrity": "sha512-y2RHIag3kzLdY8kTBuSUSTsKzWPscJrysNObXTiNM7stXLpa3jXpshsB1caqGzNx50vYcmHeN1gFVECgx3NZHg==",
      "dev": true,
      "license": "MIT",
      "peer": true,
      "peerDependencies": {
        "@deepseek-ai/cordis": "^4.0.2"
      }
    },
    "node_modules/@deepseek-ai/dsh-fs": {
      "version": "0.1.2-rc.1",
      "resolved": "https://registry.npmjs.org/@deepseek-ai/dsh-fs/-/dsh-fs-0.1.2-rc.1.tgz",
      "integrity": "sha512-BSIB2j8WvATQ1mf7wUIpHPftDwbzz246qp6aUpLGSzBWGmLBdX3O1oDhyNV1YhgPmDQlwovac2odcAb62tuDdw==",
      "dev": true,
      "license": "MIT",
      "peerDependencies": {
        "@deepseek-ai/cordis": "^4.0.2",
        "@deepseek-ai/dsh-brand": "^0.1.2-rc.1",
        "@deepseek-ai/dsh-invariants": "^0.1.2-rc.1",
        "@deepseek-ai/dsh-llm": "^0.1.2-rc.1",
        "@deepseek-ai/dsh-sandbox": "^0.1.2-rc.1"
      }
    },
    "node_modules/@deepseek-ai/dsh-fs-local": {
      "version": "0.1.2-rc.1",
      "resolved": "https://registry.npmjs.org/@deepseek-ai/dsh-fs-local/-/dsh-fs-local-0.1.2-rc.1.tgz",
      "integrity": "sha512-tFHHKtD11tIk3FpkWF0vBKdX05zKbwqXQW9LhreA5hErCKEsulUsQLamf+kF1D8fuKqa8Yb+yWQIfYS93cy39w==",
      "dev": true,
      "license": "MIT",
      "dependencies": {
        "@deepseek-ai/schemastery": "^3.18.2",
        "koffi": "^3.1.0"
      },
      "peerDependencies": {
        "@deepseek-ai/cordis": "^4.0.2",
        "@deepseek-ai/dsh-fs": "^0.1.2-rc.1"
      }
    },
    "node_modules/@deepseek-ai/dsh-host-webserver": {
      "version": "0.1.2-rc.1",
      "resolved": "https://registry.npmjs.org/@deepseek-ai/dsh-host-webserver/-/dsh-host-webserver-0.1.2-rc.1.tgz",
      "integrity": "sha512-QVcaf4qnIa1t215Y8TRiRhqkEz4Lu5/F+KqvWT+4sHOiyWmZr8g1JndqlwP6MBnMQEPmp0I/EKYJ7PWMV32gkA==",
      "dev": true,
      "license": "MIT",
      "dependencies": {
        "@deepseek-ai/schemastery": "^3.18.2",
        "compression": "^1.8.1",
        "negotiator": "^1.0.0"
      },
      "peerDependencies": {
        "@deepseek-ai/cordis": "^4.0.2"
      }
    },
    "node_modules/@deepseek-ai/dsh-invariants": {
      "version": "0.1.2-rc.1",
      "resolved": "https://registry.npmjs.org/@deepseek-ai/dsh-invariants/-/dsh-invariants-0.1.2-rc.1.tgz",
      "integrity": "sha512-zSjuFJYcEB94kPwn7SicqAV1dfVWZkjt1I8luDboxtjfp5CN6ziwJhLv3KaB+Dh9tgkyGY4mvo886W/HhE9L9g==",
      "dev": true,
      "license": "MIT",
      "peer": true,
      "dependencies": {
        "@deepseek-ai/schemastery": "^3.18.2"
      },
      "peerDependencies": {
        "@deepseek-ai/cordis": "^4.0.2"
      }
    },
    "node_modules/@deepseek-ai/dsh-llm": {
      "version": "0.1.2-rc.1",
      "resolved": "https://registry.npmjs.org/@deepseek-ai/dsh-llm/-/dsh-llm-0.1.2-rc.1.tgz",
      "integrity": "sha512-7VYsha5AXsVLnsAwYJffWXz9bwUbElw8i5N8tlTSdai9Bupk3sMbsotzPf8ZbsuGAxQYErahMwQwgGEu4qZO6g==",
      "dev": true,
      "license": "MIT",
      "peer": true,
      "dependencies": {
        "@deepseek-ai/dsh-brand": "^0.1.2-rc.1",
        "@deepseek-ai/dsh-timeout": "^0.1.2-rc.1",
        "@deepseek-ai/dsh-typert-protocol": "^0.1.2-rc.1",
        "@deepseek-ai/dsh-util-crypto": "^0.1.2-rc.1",
        "@deepseek-ai/dsh-util-values": "^0.1.2-rc.1",
        "@deepseek-ai/schemastery": "^3.18.2",
        "zod": "^4.4.3"
      },
      "peerDependencies": {
        "@deepseek-ai/cordis": "^4.0.2"
      }
    },
    "node_modules/@deepseek-ai/dsh-sandbox": {
      "version": "0.1.2-rc.1",
      "resolved": "https://registry.npmjs.org/@deepseek-ai/dsh-sandbox/-/dsh-sandbox-0.1.2-rc.1.tgz",
      "integrity": "sha512-nTO350NlVo9cvKzbeILcPIRIk9ijidrv29snRjTOx7kP5aO/BI2b4KxsRCYoXg8WGAMbIkGbsmZKUD4qz7hyXQ==",
      "dev": true,
      "license": "MIT",
      "peer": true,
      "dependencies": {
        "@deepseek-ai/dsh-util-values": "^0.1.2-rc.1"
      },
      "peerDependencies": {
        "@deepseek-ai/cordis": "^4.0.2",
        "@deepseek-ai/dsh-llm": "^0.1.2-rc.1",
        "@deepseek-ai/dsh-session": "^0.1.2-rc.1"
      }
    },
    "node_modules/@deepseek-ai/dsh-scope": {
      "version": "0.1.2-rc.1",
      "resolved": "https://registry.npmjs.org/@deepseek-ai/dsh-scope/-/dsh-scope-0.1.2-rc.1.tgz",
      "integrity": "sha512-GHwbzWrGbmE0ZGzAZsXBudpyCM9ENCpXxlKODIaPFbIWhRePh6nH2jW47TAOqCIsPPedWC2p3w8Tx5WAa3I/2A==",
      "dev": true,
      "license": "MIT",
      "peer": true,
      "peerDependencies": {
        "@deepseek-ai/cordis": "^4.0.2",
        "@deepseek-ai/dsh-invariants": "^0.1.2-rc.1"
      }
    },
    "node_modules/@deepseek-ai/dsh-session": {
      "version": "0.1.2-rc.1",
      "resolved": "https://registry.npmjs.org/@deepseek-ai/dsh-session/-/dsh-session-0.1.2-rc.1.tgz",
      "integrity": "sha512-jRGNPTbQcvIx1F2MVmmkoiHLgpC3Btqo1wkl/3JDLlOWRVWKOuaC+5fQiMrFPOYfno6YiX/c2UvmA0td8qB92w==",
      "dev": true,
      "license": "MIT",
      "peer": true,
      "dependencies": {
        "@deepseek-ai/dsh-brand": "^0.1.2-rc.1",
        "@deepseek-ai/dsh-llm": "^0.1.2-rc.1",
        "@deepseek-ai/dsh-util-values": "^0.1.2-rc.1"
      },
      "peerDependencies": {
        "@deepseek-ai/cordis": "^4.0.2",
        "@deepseek-ai/dsh-scope": "^0.1.2-rc.1"
      }
    },
    "node_modules/@deepseek-ai/dsh-subprocess": {
      "version": "0.1.2-rc.1",
      "resolved": "https://registry.npmjs.org/@deepseek-ai/dsh-subprocess/-/dsh-subprocess-0.1.2-rc.1.tgz",
      "integrity": "sha512-roTna1QHNpR5NsOLBWRai+GxW1hQAUyIyXOg5tsAIPXt7dug/kZJXeryiR9e92Fc/yoXzHMgrBQCThuXuo97LA==",
      "dev": true,
      "license": "MIT",
      "peerDependencies": {
        "@deepseek-ai/cordis": "^4.0.2"
      }
    },
    "node_modules/@deepseek-ai/dsh-subprocess-local": {
      "version": "0.1.2-rc.1",
      "resolved": "https://registry.npmjs.org/@deepseek-ai/dsh-subprocess-local/-/dsh-subprocess-local-0.1.2-rc.1.tgz",
      "integrity": "sha512-Spc/IXWvjEteGysifGr6JvCokcH8T88z0mdxIGcu9SFdgDyY8HKR+h5yq73+rbo4RYzT7+TBE43TIZy5LfmzgQ==",
      "dev": true,
      "hasInstallScript": true,
      "license": "MIT",
      "dependencies": {
        "koffi": "^3.1.0",
        "node-pty": "1.2.0-beta.15"
      },
      "peerDependencies": {
        "@deepseek-ai/cordis": "^4.0.2",
        "@deepseek-ai/dsh-subprocess": "^0.1.2-rc.1",
        "@deepseek-ai/dsh-timeout": "^0.1.2-rc.1"
      }
    },
    "node_modules/@deepseek-ai/dsh-timeout": {
      "version": "0.1.2-rc.1",
      "resolved": "https://registry.npmjs.org/@deepseek-ai/dsh-timeout/-/dsh-timeout-0.1.2-rc.1.tgz",
      "integrity": "sha512-llz11yxWeJB8suKCa6hRLjNBWVaPn3Fbd0XoBS0bkZLhPFzO1mDorx/XMca2GhI7XF9A86CURQcDt+aGjjvqJA==",
      "dev": true,
      "license": "MIT",
      "peer": true,
      "peerDependencies": {
        "@deepseek-ai/cordis": "^4.0.2"
      }
    },
    "node_modules/@deepseek-ai/dsh-typert-protocol": {
      "version": "0.1.2-rc.1",
      "resolved": "https://registry.npmjs.org/@deepseek-ai/dsh-typert-protocol/-/dsh-typert-protocol-0.1.2-rc.1.tgz",
      "integrity": "sha512-vBWD0NpriPd96ltbWaAw+iKeWFIEjiAcCWYtmqEcV1Ms+FaV02usjjm7LCmhSQhMZpBSBc7EZUX0spGlpjI1bA==",
      "dev": true,
      "license": "MIT",
      "peer": true,
      "peerDependencies": {
        "@deepseek-ai/cordis": "^4.0.2"
      }
    },
    "node_modules/@deepseek-ai/dsh-util-crypto": {
      "version": "0.1.2-rc.1",
      "resolved": "https://registry.npmjs.org/@deepseek-ai/dsh-util-crypto/-/dsh-util-crypto-0.1.2-rc.1.tgz",
      "integrity": "sha512-gE8FznQ1hkknw9QMrHNSlm3UEyRYuj3MLVvlJ6NyH1kmOsdjnbrVbSs+Pn72k2oIV4Fiyu3Umg0sLznUEcsiXw==",
      "dev": true,
      "license": "MIT",
      "peer": true,
      "peerDependencies": {
        "@deepseek-ai/cordis": "^4.0.2"
      }
    },
    "node_modules/@deepseek-ai/dsh-util-values": {
      "version": "0.1.2-rc.1",
      "resolved": "https://registry.npmjs.org/@deepseek-ai/dsh-util-values/-/dsh-util-values-0.1.2-rc.1.tgz",
      "integrity": "sha512-FQdgoK+KYVR0pBQb9fTsajvGb3gzUxEzJQEYnFOt+Qdwc4nkxJOPwJJdIvXuqvZaQ33DaOoqpnpcr2p5HpLu4g==",
      "dev": true,
      "license": "MIT",
      "peer": true,
      "peerDependencies": {
        "@deepseek-ai/cordis": "^4.0.2"
      }
    },
    "node_modules/@deepseek-ai/schemastery": {
      "version": "3.18.2",
      "resolved": "https://registry.npmjs.org/@deepseek-ai/schemastery/-/schemastery-3.18.2.tgz",
      "integrity": "sha512-njDtZsznjYxok7KLLlHOPyuv2efdWVbSflAHgztSfbMsg+CVraEoRe2DjOCgClYv3ZCSm7WXoaUkbB/+RY7tWQ==",
      "license": "MIT",
      "dependencies": {
        "@deepseek-ai/cosmokit": "^1.8.3",
        "@standard-schema/spec": "^1.1.0"
      }
    },
    "node_modules/@koromix/koffi-android-arm64": {
      "version": "3.2.1",
      "resolved": "https://registry.npmjs.org/@koromix/koffi-android-arm64/-/koffi-android-arm64-3.2.1.tgz",
      "integrity": "sha512-1pJQ4jnZlUJduK9u9DC5CGy3aOgDUPvIXpNb6syV3+Dh5Q/ugezAIGCqvY+w+1mgXsve0pd0NVvJRjdZNHQ6MA==",
      "cpu": [
        "arm64"
      ],
      "dev": true,
      "license": "MIT",
      "optional": true,
      "os": [
        "android"
      ],
      "funding": {
        "url": "https://liberapay.com/Koromix"
      }
    },
    "node_modules/@koromix/koffi-android-x64": {
      "version": "3.2.1",
      "resolved": "https://registry.npmjs.org/@koromix/koffi-android-x64/-/koffi-android-x64-3.2.1.tgz",
      "integrity": "sha512-HH40xGh3gVQifjOBnhwT2tECC0lL1lYe+nxHvWNSzxDIyQNcVPXg38ta7vuONRFpD+uIrw7fqGYLzbZIagkVcg==",
      "cpu": [
        "x64"
      ],
      "dev": true,
      "license": "MIT",
      "optional": true,
      "os": [
        "android"
      ],
      "funding": {
        "url": "https://liberapay.com/Koromix"
      }
    },
    "node_modules/@koromix/koffi-darwin-arm64": {
      "version": "3.2.1",
      "resolved": "https://registry.npmjs.org/@koromix/koffi-darwin-arm64/-/koffi-darwin-arm64-3.2.1.tgz",
      "integrity": "sha512-Vj4h+xcjc5+Cn0DhPHjgRX4omKAv96Kehtcd+1YgYuY2W7FvQn9vS+3SmzVwhC5Qmg9bIwUZObYQ8T/4hBqQqA==",
      "cpu": [
        "arm64"
      ],
      "dev": true,
      "license": "MIT",
      "optional": true,
      "os": [
        "darwin"
      ],
      "funding": {
        "url": "https://liberapay.com/Koromix"
      }
    },
    "node_modules/@koromix/koffi-darwin-x64": {
      "version": "3.2.1",
      "resolved": "https://registry.npmjs.org/@koromix/koffi-darwin-x64/-/koffi-darwin-x64-3.2.1.tgz",
      "integrity": "sha512-gFCWxNBTZIvxo1p+PURWfsy2Ctj5FGnVVs1f03lTLhBvmxEto70pdIiFztdFLDFkAJ1pmtQmruRKapeK+E8YPA==",
      "cpu": [
        "x64"
      ],
      "dev": true,
      "license": "MIT",
      "optional": true,
      "os": [
        "darwin"
      ],
      "funding": {
        "url": "https://liberapay.com/Koromix"
      }
    },
    "node_modules/@koromix/koffi-freebsd-arm64": {
      "version": "3.2.1",
      "resolved": "https://registry.npmjs.org/@koromix/koffi-freebsd-arm64/-/koffi-freebsd-arm64-3.2.1.tgz",
      "integrity": "sha512-qj+f1s2e6vULaUG1cdlTcCXmunCq2t+rjxku1+esaMIqVnHpOwj0QzPuInG0AFdXjwBNQhyVR/HpDj8daEwwsQ==",
      "cpu": [
        "arm64"
      ],
      "dev": true,
      "license": "MIT",
      "optional": true,
      "os": [
        "freebsd"
      ],
      "funding": {
        "url": "https://liberapay.com/Koromix"
      }
    },
    "node_modules/@koromix/koffi-freebsd-ia32": {
      "version": "3.2.1",
      "resolved": "https://registry.npmjs.org/@koromix/koffi-freebsd-ia32/-/koffi-freebsd-ia32-3.2.1.tgz",
      "integrity": "sha512-6olHb1Qfgai0jjs6ddlDDD0ZfsCxy7SPi8rMRpuYQWH0qhgtyQu82hw5b1p7z+TJ0zZP3ZeQQ6l+U/MlM1ICHQ==",
      "cpu": [
        "ia32"
      ],
      "dev": true,
      "license": "MIT",
      "optional": true,
      "os": [
        "freebsd"
      ],
      "funding": {
        "url": "https://liberapay.com/Koromix"
      }
    },
    "node_modules/@koromix/koffi-freebsd-x64": {
      "version": "3.2.1",
      "resolved": "https://registry.npmjs.org/@koromix/koffi-freebsd-x64/-/koffi-freebsd-x64-3.2.1.tgz",
      "integrity": "sha512-Dikhw1ySYNVMkmeFvFVjnU5Wdk6mffNoOjJxm9bTG96vg7OlemylxqdEven47R1YJ3yzNVJn/MlQ207ORWfi2w==",
      "cpu": [
        "x64"
      ],
      "dev": true,
      "license": "MIT",
      "optional": true,
      "os": [
        "freebsd"
      ],
      "funding": {
        "url": "https://liberapay.com/Koromix"
      }
    },
    "node_modules/@koromix/koffi-linux-arm": {
      "version": "3.2.1",
      "resolved": "https://registry.npmjs.org/@koromix/koffi-linux-arm/-/koffi-linux-arm-3.2.1.tgz",
      "integrity": "sha512-OfwUwZylidq95wQKp6ClInULrfB2giu7dqM6Rhe0zAe6lES5I2SXNw15T9+GnRHk3/9hKT2XZ37OZLaKSyWNLA==",
      "cpu": [
        "arm"
      ],
      "dev": true,
      "license": "MIT",
      "optional": true,
      "os": [
        "linux"
      ],
      "funding": {
        "url": "https://liberapay.com/Koromix"
      }
    },
    "node_modules/@koromix/koffi-linux-arm64": {
      "version": "3.2.1",
      "resolved": "https://registry.npmjs.org/@koromix/koffi-linux-arm64/-/koffi-linux-arm64-3.2.1.tgz",
      "integrity": "sha512-K+cGUL5iBcDqxmsocrjmlASqDf24gc7artbVW3PewG2c9AqwC63lezgwvB85Nx4lZAQjB6zIFHh9A7t1yGbwhw==",
      "cpu": [
        "arm64"
      ],
      "dev": true,
      "license": "MIT",
      "optional": true,
      "os": [
        "linux"
      ],
      "funding": {
        "url": "https://liberapay.com/Koromix"
      }
    },
    "node_modules/@koromix/koffi-linux-ia32": {
      "version": "3.2.1",
      "resolved": "https://registry.npmjs.org/@koromix/koffi-linux-ia32/-/koffi-linux-ia32-3.2.1.tgz",
      "integrity": "sha512-rxj6UYjU1qd98gxNQOSCdLpc5cPRi5Giq9rNd3jnGuSNIyMkwa6Dxw4cUjmhIBCYESMJtmNt5NWnJp5u9wTfYQ==",
      "cpu": [
        "ia32"
      ],
      "dev": true,
      "license": "MIT",
      "optional": true,
      "os": [
        "linux"
      ],
      "funding": {
        "url": "https://liberapay.com/Koromix"
      }
    },
    "node_modules/@koromix/koffi-linux-loong64": {
      "version": "3.2.1",
      "resolved": "https://registry.npmjs.org/@koromix/koffi-linux-loong64/-/koffi-linux-loong64-3.2.1.tgz",
      "integrity": "sha512-aHhnHzkPRmT/IHDlGvESJ/Bs32m8N6UE6Ab6kMeJzgk74IN8af2m/81/wZJtybR1M2UxCV4NmlVNUYQQvSAO3Q==",
      "cpu": [
        "loong64"
      ],
      "dev": true,
      "license": "MIT",
      "optional": true,
      "os": [
        "linux"
      ],
      "funding": {
        "url": "https://liberapay.com/Koromix"
      }
    },
    "node_modules/@koromix/koffi-linux-riscv64": {
      "version": "3.2.1",
      "resolved": "https://registry.npmjs.org/@koromix/koffi-linux-riscv64/-/koffi-linux-riscv64-3.2.1.tgz",
      "integrity": "sha512-qtQBsjbm3LiirLJvajWmKkNb7ARk7fvJVXdftJ7NtAnF3Xw8EbDvrtvmvtNI1yLPlYcBmlzCCD71hwhWYk0SIA==",
      "cpu": [
        "riscv64"
      ],
      "dev": true,
      "license": "MIT",
      "optional": true,
      "os": [
        "linux"
      ],
      "funding": {
        "url": "https://liberapay.com/Koromix"
      }
    },
    "node_modules/@koromix/koffi-linux-x64": {
      "version": "3.2.1",
      "resolved": "https://registry.npmjs.org/@koromix/koffi-linux-x64/-/koffi-linux-x64-3.2.1.tgz",
      "integrity": "sha512-c7hw7Qs/r5gnFRTQLcbifBwRU7wiocj+2pVuDQ5Ahb3r36SZmupmgYbTWcLvTW+hul1jd7SKRV0d14ZJq/tvSw==",
      "cpu": [
        "x64"
      ],
      "dev": true,
      "license": "MIT",
      "optional": true,
      "os": [
        "linux"
      ],
      "funding": {
        "url": "https://liberapay.com/Koromix"
      }
    },
    "node_modules/@koromix/koffi-openbsd-ia32": {
      "version": "3.2.1",
      "resolved": "https://registry.npmjs.org/@koromix/koffi-openbsd-ia32/-/koffi-openbsd-ia32-3.2.1.tgz",
      "integrity": "sha512-mmY8fY8LQ/CB52+h3yrMYmVyoxzW3x08S0yI6VNfHWdfU6yJtZkKCbhjmQCYMrWbYKC4gMvwZwCywIGPAkLyeA==",
      "cpu": [
        "ia32"
      ],
      "dev": true,
      "license": "MIT",
      "optional": true,
      "os": [
        "openbsd"
      ],
      "funding": {
        "url": "https://liberapay.com/Koromix"
      }
    },
    "node_modules/@koromix/koffi-openbsd-x64": {
      "version": "3.2.1",
      "resolved": "https://registry.npmjs.org/@koromix/koffi-openbsd-x64/-/koffi-openbsd-x64-3.2.1.tgz",
      "integrity": "sha512-k4ig6aAPbFSRATOIIOfdf/KtlOGH4SVls6L9fy0QnTxRJYvY2oSltTsQtBDANgEQldlq8Kl5WnpRa1VSibP4Lw==",
      "cpu": [
        "x64"
      ],
      "dev": true,
      "license": "MIT",
      "optional": true,
      "os": [
        "openbsd"
      ],
      "funding": {
        "url": "https://liberapay.com/Koromix"
      }
    },
    "node_modules/@koromix/koffi-win32-arm64": {
      "version": "3.2.1",
      "resolved": "https://registry.npmjs.org/@koromix/koffi-win32-arm64/-/koffi-win32-arm64-3.2.1.tgz",
      "integrity": "sha512-cTWBJGK//pDMeKQJE/79Aq9MiOAF4H8QyLZHSQ9IWm8czOfwjG4J1AhsQ9DjI9KFOykH77hhnpmQTGVMIubGig==",
      "cpu": [
        "arm64"
      ],
      "dev": true,
      "license": "MIT",
      "optional": true,
      "os": [
        "win32"
      ],
      "funding": {
        "url": "https://liberapay.com/Koromix"
      }
    },
    "node_modules/@koromix/koffi-win32-ia32": {
      "version": "3.2.1",
      "resolved": "https://registry.npmjs.org/@koromix/koffi-win32-ia32/-/koffi-win32-ia32-3.2.1.tgz",
      "integrity": "sha512-Z50EM6TAZ7CFyMmyX6thv8eNpJchqe9eenhibSIy2Eq/FQYF76gU2VK/LEoaF46L8hfC7TpTp9b10MvReHEyFA==",
      "cpu": [
        "ia32"
      ],
      "dev": true,
      "license": "MIT",
      "optional": true,
      "os": [
        "win32"
      ],
      "funding": {
        "url": "https://liberapay.com/Koromix"
      }
    },
    "node_modules/@koromix/koffi-win32-x64": {
      "version": "3.2.1",
      "resolved": "https://registry.npmjs.org/@koromix/koffi-win32-x64/-/koffi-win32-x64-3.2.1.tgz",
      "integrity": "sha512-ZmZNiBO6bkOSh3QNzgfvb1cMY0yMobn6ZQrSMqbAce21qyYL8niIbyipz9N/PIRDciGhsV0wUxnZsxIO+yWsHQ==",
      "cpu": [
        "x64"
      ],
      "dev": true,
      "license": "MIT",
      "optional": true,
      "os": [
        "win32"
      ],
      "funding": {
        "url": "https://liberapay.com/Koromix"
      }
    },
    "node_modules/@standard-schema/spec": {
      "version": "1.1.0",
      "resolved": "https://registry.npmjs.org/@standard-schema/spec/-/spec-1.1.0.tgz",
      "integrity": "sha512-l2aFy5jALhniG5HgqrD6jXLi/rUWrKvqN/qJx6yoJsgKhblVd+iqqU4RCXavm/jPityDo5TCvKMnpjKnOriy0w==",
      "license": "MIT"
    },
    "node_modules/@types/node": {
      "version": "22.20.2",
      "resolved": "https://registry.npmjs.org/@types/node/-/node-22.20.2.tgz",
      "integrity": "sha512-xlvWf4Vs9n1PEVYwP1n4vvG07M6y8WgvJ2t0vbrWTmijsIHp1cS+uJ2kMIRdY3nHZK0nCYKrPeD171+SzF4/zw==",
      "dev": true,
      "license": "MIT",
      "dependencies": {
        "undici-types": "~6.21.0"
      }
    },
    "node_modules/@types/ws": {
      "version": "8.18.1",
      "resolved": "https://registry.npmjs.org/@types/ws/-/ws-8.18.1.tgz",
      "integrity": "sha512-ThVF6DCVhA8kUGy+aazFQ4kXQ7E1Ty7A3ypFOe0IcJV8O/M511G99AW24irKrW56Wt44yG9+ij8FaqoBGkuBXg==",
      "dev": true,
      "license": "MIT",
      "dependencies": {
        "@types/node": "*"
      }
    },
    "node_modules/bytes": {
      "version": "3.1.2",
      "resolved": "https://registry.npmjs.org/bytes/-/bytes-3.1.2.tgz",
      "integrity": "sha512-/Nf7TyzTx6S3yRJObOAV7956r8cr2+Oj8AC5dt8wSP3BQAoeX58NoHyCU8P8zGkNXStjTSi6fzO6F0pBdcYbEg==",
      "dev": true,
      "license": "MIT",
      "engines": {
        "node": ">= 0.8"
      }
    },
    "node_modules/compressible": {
      "version": "2.0.18",
      "resolved": "https://registry.npmjs.org/compressible/-/compressible-2.0.18.tgz",
      "integrity": "sha512-AF3r7P5dWxL8MxyITRMlORQNaOA2IkAFaTr4k7BUumjPtRpGDTZpl0Pb1XCO6JeDCBdp126Cgs9sMxqSjgYyRg==",
      "dev": true,
      "license": "MIT",
      "dependencies": {
        "mime-db": ">= 1.43.0 < 2"
      },
      "engines": {
        "node": ">= 0.6"
      }
    },
    "node_modules/compression": {
      "version": "1.8.1",
      "resolved": "https://registry.npmjs.org/compression/-/compression-1.8.1.tgz",
      "integrity": "sha512-9mAqGPHLakhCLeNyxPkK4xVo746zQ/czLH1Ky+vkitMnWfWZps8r0qXuwhwizagCRttsL4lfG4pIOvaWLpAP0w==",
      "dev": true,
      "license": "MIT",
      "dependencies": {
        "bytes": "3.1.2",
        "compressible": "~2.0.18",
        "debug": "2.6.9",
        "negotiator": "~0.6.4",
        "on-headers": "~1.1.0",
        "safe-buffer": "5.2.1",
        "vary": "~1.1.2"
      },
      "engines": {
        "node": ">= 0.8.0"
      }
    },
    "node_modules/compression/node_modules/negotiator": {
      "version": "0.6.4",
      "resolved": "https://registry.npmjs.org/negotiator/-/negotiator-0.6.4.tgz",
      "integrity": "sha512-myRT3DiWPHqho5PrJaIRyaMv2kgYf0mUVgBNOYMuCH5Ki1yEiQaf/ZJuQ62nvpc44wL5WDbTX7yGJi1Neevw8w==",
      "dev": true,
      "license": "MIT",
      "engines": {
        "node": ">= 0.6"
      }
    },
    "node_modules/content-type": {
      "version": "2.1.0",
      "resolved": "https://registry.npmjs.org/content-type/-/content-type-2.1.0.tgz",
      "integrity": "sha512-mj7UPXE0jaqaOsukNZRUEfEi2AcL7C/vwmwcHV0O97eO1E1pxBZuyjlZrx5seTaNBg1U6+o35wpa35Qfcc+7ag==",
      "dev": true,
      "license": "MIT",
      "engines": {
        "node": ">=18"
      },
      "funding": {
        "type": "opencollective",
        "url": "https://opencollective.com/express"
      }
    },
    "node_modules/debug": {
      "version": "2.6.9",
      "resolved": "https://registry.npmjs.org/debug/-/debug-2.6.9.tgz",
      "integrity": "sha512-bC7ElrdJaJnPbAP+1EotYvqZsb3ecl5wi6Bfi6BJTUcNowp6cvspg0jXznRTKDjm/E7AdgFBVeAPVMNcKGsHMA==",
      "dev": true,
      "license": "MIT",
      "dependencies": {
        "ms": "2.0.0"
      }
    },
    "node_modules/koffi": {
      "version": "3.2.1",
      "resolved": "https://registry.npmjs.org/koffi/-/koffi-3.2.1.tgz",
      "integrity": "sha512-0qE3lZ8jllRqPN4Ob6Ajl7c2bJSJDhQWuKLGP5hIEpHLllJWv1ydHFMhHmHc5p/W9GticKVDbYzZd7TBoQ4CZg==",
      "dev": true,
      "hasInstallScript": true,
      "license": "MIT",
      "funding": {
        "url": "https://liberapay.com/Koromix"
      },
      "optionalDependencies": {
        "@koromix/koffi-android-arm64": "3.2.1",
        "@koromix/koffi-android-x64": "3.2.1",
        "@koromix/koffi-darwin-arm64": "3.2.1",
        "@koromix/koffi-darwin-x64": "3.2.1",
        "@koromix/koffi-freebsd-arm64": "3.2.1",
        "@koromix/koffi-freebsd-ia32": "3.2.1",
        "@koromix/koffi-freebsd-x64": "3.2.1",
        "@koromix/koffi-linux-arm": "3.2.1",
        "@koromix/koffi-linux-arm64": "3.2.1",
        "@koromix/koffi-linux-ia32": "3.2.1",
        "@koromix/koffi-linux-loong64": "3.2.1",
        "@koromix/koffi-linux-riscv64": "3.2.1",
        "@koromix/koffi-linux-x64": "3.2.1",
        "@koromix/koffi-openbsd-ia32": "3.2.1",
        "@koromix/koffi-openbsd-x64": "3.2.1",
        "@koromix/koffi-win32-arm64": "3.2.1",
        "@koromix/koffi-win32-ia32": "3.2.1",
        "@koromix/koffi-win32-x64": "3.2.1"
      }
    },
    "node_modules/mime-db": {
      "version": "1.54.0",
      "resolved": "https://registry.npmjs.org/mime-db/-/mime-db-1.54.0.tgz",
      "integrity": "sha512-aU5EJuIN2WDemCcAp2vFBfp/m4EAhWJnUNSSw0ixs7/kXbd6Pg64EmwJkNdFhB8aWt1sH2CTXrLxo/iAGV3oPQ==",
      "dev": true,
      "license": "MIT",
      "engines": {
        "node": ">= 0.6"
      }
    },
    "node_modules/ms": {
      "version": "2.0.0",
      "resolved": "https://registry.npmjs.org/ms/-/ms-2.0.0.tgz",
      "integrity": "sha512-Tpp60P6IUJDTuOq/5Z8cdskzJujfwqfOTkrwIwj7IRISpnkJnT6SyJ4PCPnGMoFjC9ddhal5KVIYtAt97ix05A==",
      "dev": true,
      "license": "MIT"
    },
    "node_modules/negotiator": {
      "version": "1.1.0",
      "resolved": "https://registry.npmjs.org/negotiator/-/negotiator-1.1.0.tgz",
      "integrity": "sha512-NMPBRMJgiQHjbd8phG3Vebdx4kZ1H121rbl5IkMqeOsahptB9BKo/d7oJ3zTXqTgagn2bWlNSXkh0QUGM31RYg==",
      "dev": true,
      "license": "MIT",
      "dependencies": {
        "content-type": "^2.1.0"
      },
      "engines": {
        "node": ">=18"
      },
      "funding": {
        "type": "opencollective",
        "url": "https://opencollective.com/express"
      }
    },
    "node_modules/node-addon-api": {
      "version": "7.1.1",
      "resolved": "https://registry.npmjs.org/node-addon-api/-/node-addon-api-7.1.1.tgz",
      "integrity": "sha512-5m3bsyrjFWE1xf7nz7YXdN4udnVtXK6/Yfgn5qnahL6bCkf2yKt4k3nuTKAtT4r3IG8JNR2ncsIMdZuAzJjHQQ==",
      "devOptional": true,
      "license": "MIT"
    },
    "node_modules/node-pty": {
      "version": "1.2.0-beta.15",
      "resolved": "https://registry.npmjs.org/node-pty/-/node-pty-1.2.0-beta.15.tgz",
      "integrity": "sha512-vORSzHXi4Ofl7HemVWpuudLqCPdaQb4LfpRCUpE5HPxhp4JYscl8zZwxh11p26v2wvW24WMwnMfLjhRLixrfxA==",
      "devOptional": true,
      "hasInstallScript": true,
      "license": "MIT",
      "dependencies": {
        "node-addon-api": "^7.1.0"
      }
    },
    "node_modules/on-headers": {
      "version": "1.1.0",
      "resolved": "https://registry.npmjs.org/on-headers/-/on-headers-1.1.0.tgz",
      "integrity": "sha512-737ZY3yNnXy37FHkQxPzt4UZ2UWPWiCZWLvFZ4fu5cueciegX0zGPnrlY6bwRg4FdQOe9YU8MkmJwGhoMybl8A==",
      "dev": true,
      "license": "MIT",
      "engines": {
        "node": ">= 0.8"
      }
    },
    "node_modules/safe-buffer": {
      "version": "5.2.1",
      "resolved": "https://registry.npmjs.org/safe-buffer/-/safe-buffer-5.2.1.tgz",
      "integrity": "sha512-rp3So07KcdmmKbGvgaNxQSJr7bGVSVk5S9Eq1F+ppbRo70+YeaDxkw5Dd8NPN+GD6bjnYm2VuPuCXmpuYvmCXQ==",
      "dev": true,
      "funding": [
        {
          "type": "github",
          "url": "https://github.com/sponsors/feross"
        },
        {
          "type": "patreon",
          "url": "https://www.patreon.com/feross"
        },
        {
          "type": "consulting",
          "url": "https://feross.org/support"
        }
      ],
      "license": "MIT"
    },
    "node_modules/typescript": {
      "version": "5.9.3",
      "resolved": "https://registry.npmjs.org/typescript/-/typescript-5.9.3.tgz",
      "integrity": "sha512-jl1vZzPDinLr9eUt3J/t7V6FgNEw9QjvBPdysz9KfQDD41fQrC2Y4vKQdiaUpFT4bXlb1RHhLpp8wtm6M5TgSw==",
      "dev": true,
      "license": "Apache-2.0",
      "bin": {
        "tsc": "bin/tsc",
        "tsserver": "bin/tsserver"
      },
      "engines": {
        "node": ">=14.17"
      }
    },
    "node_modules/undici-types": {
      "version": "6.21.0",
      "resolved": "https://registry.npmjs.org/undici-types/-/undici-types-6.21.0.tgz",
      "integrity": "sha512-iwDZqg0QAGrg9Rav5H4n0M64c3mkR59cJ6wQp+7C4nI0gsmExaedaYLNO44eT4AtBBwjbTiGPMlt2Md0T9H9JQ==",
      "dev": true,
      "license": "MIT"
    },
    "node_modules/vary": {
      "version": "1.1.2",
      "resolved": "https://registry.npmjs.org/vary/-/vary-1.1.2.tgz",
      "integrity": "sha512-BNGbWLfd0eUPabhkXUVm0j8uuvREyTh5ovRa/dyow/BqAbZJyC+5fU+IzQOzmAKzYqYRAISoRhdQr3eIZ/PXqg==",
      "dev": true,
      "license": "MIT",
      "engines": {
        "node": ">= 0.8"
      }
    },
    "node_modules/ws": {
      "version": "8.21.3",
      "resolved": "https://registry.npmjs.org/ws/-/ws-8.21.3.tgz",
      "integrity": "sha512-201TZ/kPWxoPr/OKWjquZR1SWKXcvxdH+e1xrx89b3YbmzLMFCLfnaG1HFIgWzJOEWZ7MvpK++odZufgYR50Rw==",
      "license": "MIT",
      "engines": {
        "node": ">=10.0.0"
      },
      "peerDependencies": {
        "bufferutil": "^4.0.1",
        "utf-8-validate": ">=5.0.2"
      },
      "peerDependenciesMeta": {
        "bufferutil": {
          "optional": true
        },
        "utf-8-validate": {
          "optional": true
        }
      }
    },
    "node_modules/zod": {
      "version": "4.6.2",
      "resolved": "https://registry.npmjs.org/zod/-/zod-4.6.2.tgz",
      "integrity": "sha512-lh5RCAGFa1Cm2hjtNwLQhSs/AsqdWnTQaBER9fEwN/88pSh7KOtJavtBx/0VlkN/uFd61SwYmljLMDAsHlvzBQ==",
      "dev": true,
      "license": "MIT",
      "peer": true,
      "funding": {
        "url": "https://github.com/sponsors/colinhacks"
      }
    }
  }
}
